
Microsoft Visual Studio Solution File, Format Version 12.00
# Visual Studio 15
VisualStudioVersion = 15.0.27428.2043
MinimumVisualStudioVersion = 10.0.40219.1
Project("{FAE04EC0-301F-11D3-BF4B-00C04F79EFBC}") = "UninformedSearch-CSC831", "UninformedSearch-CSC831\UninformedSearch-CSC831.csproj", "{6DA4DF8D-14D7-4F85-B813-C2EB6A332D4A}"
EndProject
Global
	GlobalSection(SolutionConfigurationPlatforms) = preSolution
		Debug|Any CPU = Debug|Any CPU
		Release|Any CPU = Release|Any CPU
	EndGlobalSection
	GlobalSection(ProjectConfigurationPlatforms) = postSolution
		{6DA4DF8D-14D7-4F85-B813-C2EB6A332D4A}.Debug|Any CPU.ActiveCfg = Debug|Any CPU
		{6DA4DF8D-14D7-4F85-B813-C2EB6A332D4A}.Debug|Any CPU.Build.0 = Debug|Any CPU
		{6DA4DF8D-14D7-4F85-B813-C2EB6A332D4A}.Release|Any CPU.ActiveCfg = Release|Any CPU
		{6DA4DF8D-14D7-4F85-B813-C2EB6A332D4A}.Release|Any CPU.Build.0 = Release|Any CPU
	EndGlobalSection
	GlobalSection(SolutionProperties) = preSolution
		HideSolutionNode = FALSE
	EndGlobalSection
	GlobalSection(ExtensibilityGlobals) = postSolution
		SolutionGuid = {F48828A6-2E26-4951-96C1-3848BEE0826B}
	EndGlobalSection
EndGlobal
